
Microsoft Visual Studio Solution File, Format Version 12.00
# Visual Studio Version 16
VisualStudioVersion = 16.0.28803.452
MinimumVisualStudioVersion = 10.0.40219.1
Project("{FAE04EC0-301F-11D3-BF4B-00C04F79EFBC}") = "EasyRustServer", "EasyRustServer.csproj", "{5B51D10E-6D82-4073-9950-EA3883007E86}"
EndProject
Global
	GlobalSection(SolutionConfigurationPlatforms) = preSolution
		Debug|Any CPU = Debug|Any CPU
		Release|Any CPU = Release|Any CPU
	EndGlobalSection
	GlobalSection(ProjectConfigurationPlatforms) = postSolution
		{5B51D10E-6D82-4073-9950-EA3883007E86}.Debug|Any CPU.ActiveCfg = Debug|Any CPU
		{5B51D10E-6D82-4073-9950-EA3883007E86}.Debug|Any CPU.Build.0 = Debug|Any CPU
		{5B51D10E-6D82-4073-9950-EA3883007E86}.Release|Any CPU.ActiveCfg = Release|Any CPU
		{5B51D10E-6D82-4073-9950-EA3883007E86}.Release|Any CPU.Build.0 = Release|Any CPU
	EndGlobalSection
	GlobalSection(SolutionProperties) = preSolution
		HideSolutionNode = FALSE
	EndGlobalSection
	GlobalSection(ExtensibilityGlobals) = postSolution
		SolutionGuid = {548CE132-F74C-4FF5-A5EA-6ADC26FE3CE0}
	EndGlobalSection
EndGlobal
